
Microsoft Visual Studio Solution File, Format Version 12.00
# Visual Studio Version 17
VisualStudioVersion = 17.9.34728.123
MinimumVisualStudioVersion = 10.0.40219.1
Project("{FAE04EC0-301F-11D3-BF4B-00C04F79EFBC}") = "DemoAPIVersioning", "DemoAPIVersioning\DemoAPIVersioning.csproj", "{8D7E8A5B-7BC8-4110-A0E2-06B649B67A8E}"
EndProject
Global
	GlobalSection(SolutionConfigurationPlatforms) = preSolution
		Debug|Any CPU = Debug|Any CPU
		Release|Any CPU = Release|Any CPU
	EndGlobalSection
	GlobalSection(ProjectConfigurationPlatforms) = postSolution
		{8D7E8A5B-7BC8-4110-A0E2-06B649B67A8E}.Debug|Any CPU.ActiveCfg = Debug|Any CPU
		{8D7E8A5B-7BC8-4110-A0E2-06B649B67A8E}.Debug|Any CPU.Build.0 = Debug|Any CPU
		{8D7E8A5B-7BC8-4110-A0E2-06B649B67A8E}.Release|Any CPU.ActiveCfg = Release|Any CPU
		{8D7E8A5B-7BC8-4110-A0E2-06B649B67A8E}.Release|Any CPU.Build.0 = Release|Any CPU
	EndGlobalSection
	GlobalSection(SolutionProperties) = preSolution
		HideSolutionNode = FALSE
	EndGlobalSection
	GlobalSection(ExtensibilityGlobals) = postSolution
		SolutionGuid = {0DE06A12-A1CD-49BC-B129-E50F1716EA0E}
	EndGlobalSection
EndGlobal
